
Microsoft Visual Studio Solution File, Format Version 12.00
# Visual Studio Version 17
VisualStudioVersion = 17.5.33627.172
MinimumVisualStudioVersion = 10.0.40219.1
Project("{FAE04EC0-301F-11D3-BF4B-00C04F79EFBC}") = "TimeAndFrequencyConversion", "TimeAndFrequencyConversion\TimeAndFrequencyConversion.csproj", "{B58E8DAA-C300-472E-BA26-EEF688D4B41B}"
EndProject
Global
	GlobalSection(SolutionConfigurationPlatforms) = preSolution
		Debug|Any CPU = Debug|Any CPU
		Release|Any CPU = Release|Any CPU
	EndGlobalSection
	GlobalSection(ProjectConfigurationPlatforms) = postSolution
		{B58E8DAA-C300-472E-BA26-EEF688D4B41B}.Debug|Any CPU.ActiveCfg = Debug|Any CPU
		{B58E8DAA-C300-472E-BA26-EEF688D4B41B}.Debug|Any CPU.Build.0 = Debug|Any CPU
		{B58E8DAA-C300-472E-BA26-EEF688D4B41B}.Release|Any CPU.ActiveCfg = Release|Any CPU
		{B58E8DAA-C300-472E-BA26-EEF688D4B41B}.Release|Any CPU.Build.0 = Release|Any CPU
	EndGlobalSection
	GlobalSection(SolutionProperties) = preSolution
		HideSolutionNode = FALSE
	EndGlobalSection
	GlobalSection(ExtensibilityGlobals) = postSolution
		SolutionGuid = {DB7DB0BD-77D7-4A01-9C77-E9E04EDC3C9F}
	EndGlobalSection
EndGlobal
